
Microsoft Visual Studio Solution File, Format Version 12.00
# Visual Studio 15
VisualStudioVersion = 15.0.26403.0
MinimumVisualStudioVersion = 10.0.40219.1
Project("{8BC9CEB8-8B4A-11D0-8D11-00A0C91BC942}") = "SpaceGenerator", "SpaceGenerator\SpaceGenerator.vcxproj", "{3D012BAE-A937-4AC7-83A5-B1B7832430E2}"
EndProject
Project("{FAE04EC0-301F-11D3-BF4B-00C04F79EFBC}") = "SpaceGeneratorWrapper", "SpaceGeneratorWrapper\SpaceGeneratorWrapper.csproj", "{55DA4814-749B-4B44-A89A-6CC34DC24150}"
EndProject
Project("{8BC9CEB8-8B4A-11D0-8D11-00A0C91BC942}") = "GeneratorTest", "GeneratorTest\GeneratorTest.vcxproj", "{FF9806E3-E294-45C8-AA65-8149213D0D8E}"
EndProject
Global
	GlobalSection(SolutionConfigurationPlatforms) = preSolution
		Debug|Any CPU = Debug|Any CPU
		Debug|x64 = Debug|x64
		Debug|x86 = Debug|x86
		Release|Any CPU = Release|Any CPU
		Release|x64 = Release|x64
		Release|x86 = Release|x86
	EndGlobalSection
	GlobalSection(ProjectConfigurationPlatforms) = postSolution
		{3D012BAE-A937-4AC7-83A5-B1B7832430E2}.Debug|Any CPU.ActiveCfg = Debug|Win32
		{3D012BAE-A937-4AC7-83A5-B1B7832430E2}.Debug|x64.ActiveCfg = Debug|x64
		{3D012BAE-A937-4AC7-83A5-B1B7832430E2}.Debug|x64.Build.0 = Debug|x64
		{3D012BAE-A937-4AC7-83A5-B1B7832430E2}.Debug|x86.ActiveCfg = Debug|Win32
		{3D012BAE-A937-4AC7-83A5-B1B7832430E2}.Debug|x86.Build.0 = Debug|Win32
		{3D012BAE-A937-4AC7-83A5-B1B7832430E2}.Release|Any CPU.ActiveCfg = Release|Win32
		{3D012BAE-A937-4AC7-83A5-B1B7832430E2}.Release|x64.ActiveCfg = Release|x64
		{3D012BAE-A937-4AC7-83A5-B1B7832430E2}.Release|x64.Build.0 = Release|x64
		{3D012BAE-A937-4AC7-83A5-B1B7832430E2}.Release|x86.ActiveCfg = Release|Win32
		{3D012BAE-A937-4AC7-83A5-B1B7832430E2}.Release|x86.Build.0 = Release|Win32
		{55DA4814-749B-4B44-A89A-6CC34DC24150}.Debug|Any CPU.ActiveCfg = Debug|Any CPU
		{55DA4814-749B-4B44-A89A-6CC34DC24150}.Debug|Any CPU.Build.0 = Debug|Any CPU
		{55DA4814-749B-4B44-A89A-6CC34DC24150}.Debug|x64.ActiveCfg = Debug|Any CPU
		{55DA4814-749B-4B44-A89A-6CC34DC24150}.Debug|x64.Build.0 = Debug|Any CPU
		{55DA4814-749B-4B44-A89A-6CC34DC24150}.Debug|x86.ActiveCfg = Debug|Any CPU
		{55DA4814-749B-4B44-A89A-6CC34DC24150}.Debug|x86.Build.0 = Debug|Any CPU
		{55DA4814-749B-4B44-A89A-6CC34DC24150}.Release|Any CPU.ActiveCfg = Release|Any CPU
		{55DA4814-749B-4B44-A89A-6CC34DC24150}.Release|Any CPU.Build.0 = Release|Any CPU
		{55DA4814-749B-4B44-A89A-6CC34DC24150}.Release|x64.ActiveCfg = Release|Any CPU
		{55DA4814-749B-4B44-A89A-6CC34DC24150}.Release|x64.Build.0 = Release|Any CPU
		{55DA4814-749B-4B44-A89A-6CC34DC24150}.Release|x86.ActiveCfg = Release|Any CPU
		{55DA4814-749B-4B44-A89A-6CC34DC24150}.Release|x86.Build.0 = Release|Any CPU
		{FF9806E3-E294-45C8-AA65-8149213D0D8E}.Debug|Any CPU.ActiveCfg = Debug|Win32
		{FF9806E3-E294-45C8-AA65-8149213D0D8E}.Debug|x64.ActiveCfg = Debug|x64
		{FF9806E3-E294-45C8-AA65-8149213D0D8E}.Debug|x64.Build.0 = Debug|x64
		{FF9806E3-E294-45C8-AA65-8149213D0D8E}.Debug|x86.ActiveCfg = Debug|Win32
		{FF9806E3-E294-45C8-AA65-8149213D0D8E}.Debug|x86.Build.0 = Debug|Win32
		{FF9806E3-E294-45C8-AA65-8149213D0D8E}.Release|Any CPU.ActiveCfg = Release|Win32
		{FF9806E3-E294-45C8-AA65-8149213D0D8E}.Release|x64.ActiveCfg = Release|x64
		{FF9806E3-E294-45C8-AA65-8149213D0D8E}.Release|x64.Build.0 = Release|x64
		{FF9806E3-E294-45C8-AA65-8149213D0D8E}.Release|x86.ActiveCfg = Release|Win32
		{FF9806E3-E294-45C8-AA65-8149213D0D8E}.Release|x86.Build.0 = Release|Win32
	EndGlobalSection
	GlobalSection(SolutionProperties) = preSolution
		HideSolutionNode = FALSE
	EndGlobalSection
EndGlobal
